
Microsoft Visual Studio Solution File, Format Version 12.00
# Visual Studio 15
VisualStudioVersion = 15.0.28307.852
MinimumVisualStudioVersion = 10.0.40219.1
Project("{FAE04EC0-301F-11D3-BF4B-00C04F79EFBC}") = "Yemek_Tarifleri_Sitem", "Yemek_Tarifleri_Sitem\Yemek_Tarifleri_Sitem.csproj", "{18F6DCED-109A-4DB2-86CE-83CB36573D8D}"
EndProject
Global
	GlobalSection(SolutionConfigurationPlatforms) = preSolution
		Debug|Any CPU = Debug|Any CPU
		Release|Any CPU = Release|Any CPU
	EndGlobalSection
	GlobalSection(ProjectConfigurationPlatforms) = postSolution
		{18F6DCED-109A-4DB2-86CE-83CB36573D8D}.Debug|Any CPU.ActiveCfg = Debug|Any CPU
		{18F6DCED-109A-4DB2-86CE-83CB36573D8D}.Debug|Any CPU.Build.0 = Debug|Any CPU
		{18F6DCED-109A-4DB2-86CE-83CB36573D8D}.Release|Any CPU.ActiveCfg = Release|Any CPU
		{18F6DCED-109A-4DB2-86CE-83CB36573D8D}.Release|Any CPU.Build.0 = Release|Any CPU
	EndGlobalSection
	GlobalSection(SolutionProperties) = preSolution
		HideSolutionNode = FALSE
	EndGlobalSection
	GlobalSection(ExtensibilityGlobals) = postSolution
		SolutionGuid = {14F7FA8E-62B5-4601-8EEB-599F0AFB6F85}
	EndGlobalSection
EndGlobal
